
Microsoft Visual Studio Solution File, Format Version 12.00
# Visual Studio Version 17
VisualStudioVersion = 17.9.34622.214
MinimumVisualStudioVersion = 10.0.40219.1
Project("{8BC9CEB8-8B4A-11D0-8D11-00A0C91BC942}") = "polimorpi", "Paradigma OOP2.vcxproj", "{FE71B0A5-A3D6-4AA1-BBAB-CAECE7430994}"
EndProject
Project("{8BC9CEB8-8B4A-11D0-8D11-00A0C91BC942}") = "enkapulasi", "..\Enkapsulasi\enkapulasi\enkapulasi.vcxproj", "{D3170511-1756-4D1A-8520-97161C947CC4}"
EndProject
Project("{8BC9CEB8-8B4A-11D0-8D11-00A0C91BC942}") = "noOveriding", "..\NoOveriding\noOveriding\noOveriding.vcxproj", "{87567B6D-28C0-42B6-B166-83BD800068A0}"
EndProject
Project("{8BC9CEB8-8B4A-11D0-8D11-00A0C91BC942}") = "noPewarisan", "..\noPewarisan\noPewarisan\noPewarisan.vcxproj", "{B66157C3-09D5-41FE-9476-FFCAF5F08DC5}"
EndProject
Project("{8BC9CEB8-8B4A-11D0-8D11-00A0C91BC942}") = "abstraksi", "abstraksi\abstraksi\abstraksi.vcxproj", "{36838C16-AD46-4584-8048-BD3279F7C292}"
EndProject
Global
	GlobalSection(SolutionConfigurationPlatforms) = preSolution
		Debug|x64 = Debug|x64
		Debug|x86 = Debug|x86
		Release|x64 = Release|x64
		Release|x86 = Release|x86
	EndGlobalSection
	GlobalSection(ProjectConfigurationPlatforms) = postSolution
		{FE71B0A5-A3D6-4AA1-BBAB-CAECE7430994}.Debug|x64.ActiveCfg = Debug|x64
		{FE71B0A5-A3D6-4AA1-BBAB-CAECE7430994}.Debug|x64.Build.0 = Debug|x64
		{FE71B0A5-A3D6-4AA1-BBAB-CAECE7430994}.Debug|x86.ActiveCfg = Debug|Win32
		{FE71B0A5-A3D6-4AA1-BBAB-CAECE7430994}.Debug|x86.Build.0 = Debug|Win32
		{FE71B0A5-A3D6-4AA1-BBAB-CAECE7430994}.Release|x64.ActiveCfg = Release|x64
		{FE71B0A5-A3D6-4AA1-BBAB-CAECE7430994}.Release|x64.Build.0 = Release|x64
		{FE71B0A5-A3D6-4AA1-BBAB-CAECE7430994}.Release|x86.ActiveCfg = Release|Win32
		{FE71B0A5-A3D6-4AA1-BBAB-CAECE7430994}.Release|x86.Build.0 = Release|Win32
		{D3170511-1756-4D1A-8520-97161C947CC4}.Debug|x64.ActiveCfg = Debug|x64
		{D3170511-1756-4D1A-8520-97161C947CC4}.Debug|x64.Build.0 = Debug|x64
		{D3170511-1756-4D1A-8520-97161C947CC4}.Debug|x86.ActiveCfg = Debug|Win32
		{D3170511-1756-4D1A-8520-97161C947CC4}.Debug|x86.Build.0 = Debug|Win32
		{D3170511-1756-4D1A-8520-97161C947CC4}.Release|x64.ActiveCfg = Release|x64
		{D3170511-1756-4D1A-8520-97161C947CC4}.Release|x64.Build.0 = Release|x64
		{D3170511-1756-4D1A-8520-97161C947CC4}.Release|x86.ActiveCfg = Release|Win32
		{D3170511-1756-4D1A-8520-97161C947CC4}.Release|x86.Build.0 = Release|Win32
		{87567B6D-28C0-42B6-B166-83BD800068A0}.Debug|x64.ActiveCfg = Debug|x64
		{87567B6D-28C0-42B6-B166-83BD800068A0}.Debug|x64.Build.0 = Debug|x64
		{87567B6D-28C0-42B6-B166-83BD800068A0}.Debug|x86.ActiveCfg = Debug|Win32
		{87567B6D-28C0-42B6-B166-83BD800068A0}.Debug|x86.Build.0 = Debug|Win32
		{87567B6D-28C0-42B6-B166-83BD800068A0}.Release|x64.ActiveCfg = Release|x64
		{87567B6D-28C0-42B6-B166-83BD800068A0}.Release|x64.Build.0 = Release|x64
		{87567B6D-28C0-42B6-B166-83BD800068A0}.Release|x86.ActiveCfg = Release|Win32
		{87567B6D-28C0-42B6-B166-83BD800068A0}.Release|x86.Build.0 = Release|Win32
		{B66157C3-09D5-41FE-9476-FFCAF5F08DC5}.Debug|x64.ActiveCfg = Debug|x64
		{B66157C3-09D5-41FE-9476-FFCAF5F08DC5}.Debug|x64.Build.0 = Debug|x64
		{B66157C3-09D5-41FE-9476-FFCAF5F08DC5}.Debug|x86.ActiveCfg = Debug|Win32
		{B66157C3-09D5-41FE-9476-FFCAF5F08DC5}.Debug|x86.Build.0 = Debug|Win32
		{B66157C3-09D5-41FE-9476-FFCAF5F08DC5}.Release|x64.ActiveCfg = Release|x64
		{B66157C3-09D5-41FE-9476-FFCAF5F08DC5}.Release|x64.Build.0 = Release|x64
		{B66157C3-09D5-41FE-9476-FFCAF5F08DC5}.Release|x86.ActiveCfg = Release|Win32
		{B66157C3-09D5-41FE-9476-FFCAF5F08DC5}.Release|x86.Build.0 = Release|Win32
		{36838C16-AD46-4584-8048-BD3279F7C292}.Debug|x64.ActiveCfg = Debug|x64
		{36838C16-AD46-4584-8048-BD3279F7C292}.Debug|x64.Build.0 = Debug|x64
		{36838C16-AD46-4584-8048-BD3279F7C292}.Debug|x86.ActiveCfg = Debug|Win32
		{36838C16-AD46-4584-8048-BD3279F7C292}.Debug|x86.Build.0 = Debug|Win32
		{36838C16-AD46-4584-8048-BD3279F7C292}.Release|x64.ActiveCfg = Release|x64
		{36838C16-AD46-4584-8048-BD3279F7C292}.Release|x64.Build.0 = Release|x64
		{36838C16-AD46-4584-8048-BD3279F7C292}.Release|x86.ActiveCfg = Release|Win32
		{36838C16-AD46-4584-8048-BD3279F7C292}.Release|x86.Build.0 = Release|Win32
	EndGlobalSection
	GlobalSection(SolutionProperties) = preSolution
		HideSolutionNode = FALSE
	EndGlobalSection
	GlobalSection(ExtensibilityGlobals) = postSolution
		SolutionGuid = {08D94CE2-53EA-4E17-B4D1-D31813C7D0C9}
	EndGlobalSection
EndGlobal
